
Microsoft Visual Studio Solution File, Format Version 12.00
Project("{FAE04EC0-301F-11D3-BF4B-00C04F79EFBC}") = "AISignoffBot", "AISignoffBot.csproj", "{59BECCDC-4BFF-4B2E-A7EB-6847B0198586}"
EndProject
Global
	GlobalSection(SolutionConfigurationPlatforms) = preSolution
		Debug|Any CPU = Debug|Any CPU
		Release|Any CPU = Release|Any CPU
	EndGlobalSection
	GlobalSection(ProjectConfigurationPlatforms) = postSolution
		{59BECCDC-4BFF-4B2E-A7EB-6847B0198586}.Debug|Any CPU.ActiveCfg = Debug|Any CPU
		{59BECCDC-4BFF-4B2E-A7EB-6847B0198586}.Debug|Any CPU.Build.0 = Debug|Any CPU
		{59BECCDC-4BFF-4B2E-A7EB-6847B0198586}.Release|Any CPU.ActiveCfg = Release|Any CPU
		{59BECCDC-4BFF-4B2E-A7EB-6847B0198586}.Release|Any CPU.Build.0 = Release|Any CPU
	EndGlobalSection
EndGlobal
